
Microsoft Visual Studio Solution File, Format Version 12.00
Project("{FAE04EC0-301F-11D3-BF4B-00C04F79EFBC}") = "C3 Tools", "C3 Tools\C3 Tools.csproj", "{447BF1D1-4A4C-4BDB-A267-CE155C3349AB}"
EndProject
Project("{FAE04EC0-301F-11D3-BF4B-00C04F79EFBC}") = "x360", "x360\x360.csproj", "{E804FFF3-6629-4F06-93FD-7673429296B2}"
EndProject
Global
	GlobalSection(SolutionConfigurationPlatforms) = preSolution
		Debug|Any CPU = Debug|Any CPU
		Release|Any CPU = Release|Any CPU
	EndGlobalSection
	GlobalSection(ProjectConfigurationPlatforms) = postSolution
		{447BF1D1-4A4C-4BDB-A267-CE155C3349AB}.Debug|Any CPU.ActiveCfg = Debug|Any CPU
		{447BF1D1-4A4C-4BDB-A267-CE155C3349AB}.Debug|Any CPU.Build.0 = Debug|Any CPU
		{447BF1D1-4A4C-4BDB-A267-CE155C3349AB}.Release|Any CPU.ActiveCfg = Release|Any CPU
		{447BF1D1-4A4C-4BDB-A267-CE155C3349AB}.Release|Any CPU.Build.0 = Release|Any CPU
		{E804FFF3-6629-4F06-93FD-7673429296B2}.Debug|Any CPU.ActiveCfg = Debug|Any CPU
		{E804FFF3-6629-4F06-93FD-7673429296B2}.Debug|Any CPU.Build.0 = Debug|Any CPU
		{E804FFF3-6629-4F06-93FD-7673429296B2}.Release|Any CPU.ActiveCfg = Release|Any CPU
		{E804FFF3-6629-4F06-93FD-7673429296B2}.Release|Any CPU.Build.0 = Release|Any CPU
	EndGlobalSection
EndGlobal
